
Microsoft Visual Studio Solution File, Format Version 12.00
# Visual Studio Version 17
VisualStudioVersion = 17.0.31903.59
MinimumVisualStudioVersion = 10.0.40219.1
Project("{FAE04EC0-301F-11D3-BF4B-00C04F79EFBC}") = "kalkulator-finalna-wersja", "kalkulator-finalna-wersja\kalkulator-finalna-wersja.csproj", "{D2E8DE9D-F26B-4B7F-B61C-37938526115A}"
EndProject
Global
	GlobalSection(SolutionConfigurationPlatforms) = preSolution
		Debug|Any CPU = Debug|Any CPU
		Release|Any CPU = Release|Any CPU
	EndGlobalSection
	GlobalSection(ProjectConfigurationPlatforms) = postSolution
		{D2E8DE9D-F26B-4B7F-B61C-37938526115A}.Debug|Any CPU.ActiveCfg = Debug|Any CPU
		{D2E8DE9D-F26B-4B7F-B61C-37938526115A}.Debug|Any CPU.Build.0 = Debug|Any CPU
		{D2E8DE9D-F26B-4B7F-B61C-37938526115A}.Release|Any CPU.ActiveCfg = Release|Any CPU
		{D2E8DE9D-F26B-4B7F-B61C-37938526115A}.Release|Any CPU.Build.0 = Release|Any CPU
	EndGlobalSection
	GlobalSection(SolutionProperties) = preSolution
		HideSolutionNode = FALSE
	EndGlobalSection
	GlobalSection(ExtensibilityGlobals) = postSolution
		SolutionGuid = {344F94A4-EA94-4A3D-99A2-E7915A78D1B2}
	EndGlobalSection
EndGlobal
