
Microsoft Visual Studio Solution File, Format Version 12.00
# Visual Studio Version 17
VisualStudioVersion = 17.0.31903.59
MinimumVisualStudioVersion = 10.0.40219.1
Project("{FAE04EC0-301F-11D3-BF4B-00C04F79EFBC}") = "Kalkulator-modyfikacja-a", "Kalkulator-modyfikacja-a\Kalkulator-modyfikacja-a.csproj", "{529F1F5F-0067-4C0D-8AF4-A846B5D61910}"
EndProject
Global
	GlobalSection(SolutionConfigurationPlatforms) = preSolution
		Debug|Any CPU = Debug|Any CPU
		Release|Any CPU = Release|Any CPU
	EndGlobalSection
	GlobalSection(ProjectConfigurationPlatforms) = postSolution
		{529F1F5F-0067-4C0D-8AF4-A846B5D61910}.Debug|Any CPU.ActiveCfg = Debug|Any CPU
		{529F1F5F-0067-4C0D-8AF4-A846B5D61910}.Debug|Any CPU.Build.0 = Debug|Any CPU
		{529F1F5F-0067-4C0D-8AF4-A846B5D61910}.Release|Any CPU.ActiveCfg = Release|Any CPU
		{529F1F5F-0067-4C0D-8AF4-A846B5D61910}.Release|Any CPU.Build.0 = Release|Any CPU
	EndGlobalSection
	GlobalSection(SolutionProperties) = preSolution
		HideSolutionNode = FALSE
	EndGlobalSection
	GlobalSection(ExtensibilityGlobals) = postSolution
		SolutionGuid = {6DB9B465-F86A-4000-AE38-49FEF80CC0A0}
	EndGlobalSection
EndGlobal
